// !$*UTF8*$!
{
	archiveVersion = 1;
	classes = {
	};
	objectVersion = 46;
	objects = {

/* Begin PBXBuildFile section */
		AC02B0181F02FC2E000213B4 /* main.c in Sources */ = {isa = PBXBuildFile; fileRef = AC02B0171F02FC2E000213B4 /* main.c */; };
		AC4EB1C51EFEA0740043BDF9 /* main.c in Sources */ = {isa = PBXBuildFile; fileRef = AC4EB1C41EFEA0740043BDF9 /* main.c */; };
		ACD104B11EFE8CA700CF04E2 /* main.c in Sources */ = {isa = PBXBuildFile; fileRef = ACD104B01EFE8CA700CF04E2 /* main.c */; };
/* End PBXBuildFile section */

/* Begin PBXCopyFilesBuildPhase section */
		AC02B0131F02FC2D000213B4 /* CopyFiles */ = {
			isa = PBXCopyFilesBuildPhase;
			buildActionMask = 2147483647;
			dstPath = /usr/share/man/man1/;
			dstSubfolderSpec = 0;
			files = (
			);
			runOnlyForDeploymentPostprocessing = 1;
		};
		AC4EB1C01EFEA0740043BDF9 /* CopyFiles */ = {
			isa = PBXCopyFilesBuildPhase;
			buildActionMask = 2147483647;
			dstPath = /usr/share/man/man1/;
			dstSubfolderSpec = 0;
			files = (
			);
			runOnlyForDeploymentPostprocessing = 1;
		};
		ACD104AB1EFE8CA600CF04E2 /* CopyFiles */ = {
			isa = PBXCopyFilesBuildPhase;
			buildActionMask = 2147483647;
			dstPath = /usr/share/man/man1/;
			dstSubfolderSpec = 0;
			files = (
			);
			runOnlyForDeploymentPostprocessing = 1;
		};
/* End PBXCopyFilesBuildPhase section */

/* Begin PBXFileReference section */
		AC02B0151F02FC2D000213B4 /* treci_project */ = {isa = PBXFileReference; explicitFileType = "compiled.mach-o.executable"; includeInIndex = 0; path = treci_project; sourceTree = BUILT_PRODUCTS_DIR; };
		AC02B0171F02FC2E000213B4 /* main.c */ = {isa = PBXFileReference; lastKnownFileType = sourcecode.c.c; path = main.c; sourceTree = "<group>"; };
		AC4EB1C21EFEA0740043BDF9 /* drugi_project */ = {isa = PBXFileReference; explicitFileType = "compiled.mach-o.executable"; includeInIndex = 0; path = drugi_project; sourceTree = BUILT_PRODUCTS_DIR; };
		AC4EB1C41EFEA0740043BDF9 /* main.c */ = {isa = PBXFileReference; lastKnownFileType = sourcecode.c.c; path = main.c; sourceTree = "<group>"; };
		ACD104AD1EFE8CA600CF04E2 /* Interwiev_projects */ = {isa = PBXFileReference; explicitFileType = "compiled.mach-o.executable"; includeInIndex = 0; path = Interwiev_projects; sourceTree = BUILT_PRODUCTS_DIR; };
		ACD104B01EFE8CA700CF04E2 /* main.c */ = {isa = PBXFileReference; lastKnownFileType = sourcecode.c.c; path = main.c; sourceTree = "<group>"; };
/* End PBXFileReference section */

/* Begin PBXFrameworksBuildPhase section */
		AC02B0121F02FC2D000213B4 /* Frameworks */ = {
			isa = PBXFrameworksBuildPhase;
			buildActionMask = 2147483647;
			files = (
			);
			runOnlyForDeploymentPostprocessing = 0;
		};
		AC4EB1BF1EFEA0740043BDF9 /* Frameworks */ = {
			isa = PBXFrameworksBuildPhase;
			buildActionMask = 2147483647;
			files = (
			);
			runOnlyForDeploymentPostprocessing = 0;
		};
		ACD104AA1EFE8CA600CF04E2 /* Frameworks */ = {
			isa = PBXFrameworksBuildPhase;
			buildActionMask = 2147483647;
			files = (
			);
			runOnlyForDeploymentPostprocessing = 0;
		};
/* End PBXFrameworksBuildPhase section */

/* Begin PBXGroup section */
		AC02B0161F02FC2E000213B4 /* treci_project */ = {
			isa = PBXGroup;
			children = (
				AC02B0171F02FC2E000213B4 /* main.c */,
			);
			path = treci_project;
			sourceTree = "<group>";
		};
		AC4EB1C31EFEA0740043BDF9 /* drugi_project */ = {
			isa = PBXGroup;
			children = (
				AC4EB1C41EFEA0740043BDF9 /* main.c */,
			);
			path = drugi_project;
			sourceTree = "<group>";
		};
		ACD104A41EFE8CA600CF04E2 = {
			isa = PBXGroup;
			children = (
				ACD104AF1EFE8CA600CF04E2 /* prvi_project */,
				AC4EB1C31EFEA0740043BDF9 /* drugi_project */,
				AC02B0161F02FC2E000213B4 /* treci_project */,
				ACD104AE1EFE8CA600CF04E2 /* Products */,
			);
			sourceTree = "<group>";
		};
		ACD104AE1EFE8CA600CF04E2 /* Products */ = {
			isa = PBXGroup;
			children = (
				ACD104AD1EFE8CA600CF04E2 /* Interwiev_projects */,
				AC4EB1C21EFEA0740043BDF9 /* drugi_project */,
				AC02B0151F02FC2D000213B4 /* treci_project */,
			);
			name = Products;
			sourceTree = "<group>";
		};
		ACD104AF1EFE8CA600CF04E2 /* prvi_project */ = {
			isa = PBXGroup;
			children = (
				ACD104B01EFE8CA700CF04E2 /* main.c */,
			);
			name = prvi_project;
			path = Interwiev_projects;
			sourceTree = "<group>";
		};
/* End PBXGroup section */

/* Begin PBXNativeTarget section */
		AC02B0141F02FC2D000213B4 /* treci_project */ = {
			isa = PBXNativeTarget;
			buildConfigurationList = AC02B01B1F02FC2E000213B4 /* Build configuration list for PBXNativeTarget "treci_project" */;
			buildPhases = (
				AC02B0111F02FC2D000213B4 /* Sources */,
				AC02B0121F02FC2D000213B4 /* Frameworks */,
				AC02B0131F02FC2D000213B4 /* CopyFiles */,
			);
			buildRules = (
			);
			dependencies = (
			);
			name = treci_project;
			productName = treci_project;
			productReference = AC02B0151F02FC2D000213B4 /* treci_project */;
			productType = "com.apple.product-type.tool";
		};
		AC4EB1C11EFEA0740043BDF9 /* drugi_project */ = {
			isa = PBXNativeTarget;
			buildConfigurationList = AC4EB1C61EFEA0740043BDF9 /* Build configuration list for PBXNativeTarget "drugi_project" */;
			buildPhases = (
				AC4EB1BE1EFEA0740043BDF9 /* Sources */,
				AC4EB1BF1EFEA0740043BDF9 /* Frameworks */,
				AC4EB1C01EFEA0740043BDF9 /* CopyFiles */,
			);
			buildRules = (
			);
			dependencies = (
			);
			name = drugi_project;
			productName = drugi_project;
			productReference = AC4EB1C21EFEA0740043BDF9 /* drugi_project */;
			productType = "com.apple.product-type.tool";
		};
		ACD104AC1EFE8CA600CF04E2 /* Interwiev_projects */ = {
			isa = PBXNativeTarget;
			buildConfigurationList = ACD104B41EFE8CA700CF04E2 /* Build configuration list for PBXNativeTarget "Interwiev_projects" */;
			buildPhases = (
				ACD104A91EFE8CA600CF04E2 /* Sources */,
				ACD104AA1EFE8CA600CF04E2 /* Frameworks */,
				ACD104AB1EFE8CA600CF04E2 /* CopyFiles */,
			);
			buildRules = (
			);
			dependencies = (
			);
			name = Interwiev_projects;
			productName = Interwiev_projects;
			productReference = ACD104AD1EFE8CA600CF04E2 /* Interwiev_projects */;
			productType = "com.apple.product-type.tool";
		};
/* End PBXNativeTarget section */

/* Begin PBXProject section */
		ACD104A51EFE8CA600CF04E2 /* Project object */ = {
			isa = PBXProject;
			attributes = {
				LastUpgradeCheck = 0830;
				ORGANIZATIONNAME = "Mario Krajačić";
				TargetAttributes = {
					AC02B0141F02FC2D000213B4 = {
						CreatedOnToolsVersion = 8.3.3;
						DevelopmentTeam = 633JQL2EL2;
						ProvisioningStyle = Automatic;
					};
					AC4EB1C11EFEA0740043BDF9 = {
						CreatedOnToolsVersion = 8.3.3;
						DevelopmentTeam = 633JQL2EL2;
						ProvisioningStyle = Automatic;
					};
					ACD104AC1EFE8CA600CF04E2 = {
						CreatedOnToolsVersion = 8.3.3;
						DevelopmentTeam = 633JQL2EL2;
						ProvisioningStyle = Automatic;
					};
				};
			};
			buildConfigurationList = ACD104A81EFE8CA600CF04E2 /* Build configuration list for PBXProject "Interwiev_projects" */;
			compatibilityVersion = "Xcode 3.2";
			developmentRegion = English;
			hasScannedForEncodings = 0;
			knownRegions = (
				en,
			);
			mainGroup = ACD104A41EFE8CA600CF04E2;
			productRefGroup = ACD104AE1EFE8CA600CF04E2 /* Products */;
			projectDirPath = "";
			projectRoot = "";
			targets = (
				ACD104AC1EFE8CA600CF04E2 /* Interwiev_projects */,
				AC4EB1C11EFEA0740043BDF9 /* drugi_project */,
				AC02B0141F02FC2D000213B4 /* treci_project */,
			);
		};
/* End PBXProject section */

/* Begin PBXSourcesBuildPhase section */
		AC02B0111F02FC2D000213B4 /* Sources */ = {
			isa = PBXSourcesBuildPhase;
			buildActionMask = 2147483647;
			files = (
				AC02B0181F02FC2E000213B4 /* main.c in Sources */,
			);
			runOnlyForDeploymentPostprocessing = 0;
		};
		AC4EB1BE1EFEA0740043BDF9 /* Sources */ = {
			isa = PBXSourcesBuildPhase;
			buildActionMask = 2147483647;
			files = (
				AC4EB1C51EFEA0740043BDF9 /* main.c in Sources */,
			);
			runOnlyForDeploymentPostprocessing = 0;
		};
		ACD104A91EFE8CA600CF04E2 /* Sources */ = {
			isa = PBXSourcesBuildPhase;
			buildActionMask = 2147483647;
			files = (
				ACD104B11EFE8CA700CF04E2 /* main.c in Sources */,
			);
			runOnlyForDeploymentPostprocessing = 0;
		};
/* End PBXSourcesBuildPhase section */

/* Begin XCBuildConfiguration section */
		AC02B0191F02FC2E000213B4 /* Debug */ = {
			isa = XCBuildConfiguration;
			buildSettings = {
				DEVELOPMENT_TEAM = 633JQL2EL2;
				PRODUCT_NAME = "$(TARGET_NAME)";
			};
			name = Debug;
		};
		AC02B01A1F02FC2E000213B4 /* Release */ = {
			isa = XCBuildConfiguration;
			buildSettings = {
				DEVELOPMENT_TEAM = 633JQL2EL2;
				PRODUCT_NAME = "$(TARGET_NAME)";
			};
			name = Release;
		};
		AC4EB1C71EFEA0740043BDF9 /* Debug */ = {
			isa = XCBuildConfiguration;
			buildSettings = {
				DEVELOPMENT_TEAM = 633JQL2EL2;
				PRODUCT_NAME = "$(TARGET_NAME)";
			};
			name = Debug;
		};
		AC4EB1C81EFEA0740043BDF9 /* Release */ = {
			isa = XCBuildConfiguration;
			buildSettings = {
				DEVELOPMENT_TEAM = 633JQL2EL2;
				PRODUCT_NAME = "$(TARGET_NAME)";
			};
			name = Release;
		};
		ACD104B21EFE8CA700CF04E2 /* Debug */ = {
			isa = XCBuildConfiguration;
			buildSettings = {
				ALWAYS_SEARCH_USER_PATHS = NO;
				CLANG_ANALYZER_NONNULL = YES;
				CLANG_ANALYZER_NUMBER_OBJECT_CONVERSION = YES_AGGRESSIVE;
				CLANG_CXX_LANGUAGE_STANDARD = "gnu++0x";
				CLANG_CXX_LIBRARY = "libc++";
				CLANG_ENABLE_MODULES = YES;
				CLANG_ENABLE_OBJC_ARC = YES;
				CLANG_WARN_BOOL_CONVERSION = YES;
				CLANG_WARN_CONSTANT_CONVERSION = YES;
				CLANG_WARN_DIRECT_OBJC_ISA_USAGE = YES_ERROR;
				CLANG_WARN_DOCUMENTATION_COMMENTS = YES;
				CLANG_WARN_EMPTY_BODY = YES;
				CLANG_WARN_ENUM_CONVERSION = YES;
				CLANG_WARN_INFINITE_RECURSION = YES;
				CLANG_WARN_INT_CONVERSION = YES;
				CLANG_WARN_OBJC_ROOT_CLASS = YES_ERROR;
				CLANG_WARN_SUSPICIOUS_MOVE = YES;
				CLANG_WARN_UNREACHABLE_CODE = YES;
				CLANG_WARN__DUPLICATE_METHOD_MATCH = YES;
				CODE_SIGN_IDENTITY = "-";
				COPY_PHASE_STRIP = NO;
				DEBUG_INFORMATION_FORMAT = dwarf;
				ENABLE_STRICT_OBJC_MSGSEND = YES;
				ENABLE_TESTABILITY = YES;
				GCC_C_LANGUAGE_STANDARD = gnu99;
				GCC_DYNAMIC_NO_PIC = NO;
				GCC_NO_COMMON_BLOCKS = YES;
				GCC_OPTIMIZATION_LEVEL = 0;
				GCC_PREPROCESSOR_DEFINITIONS = (
					"DEBUG=1",
					"$(inherited)",
				);
				GCC_WARN_64_TO_32_BIT_CONVERSION = YES;
				GCC_WARN_ABOUT_RETURN_TYPE = YES_ERROR;
				GCC_WARN_UNDECLARED_SELECTOR = YES;
				GCC_WARN_UNINITIALIZED_AUTOS = YES_AGGRESSIVE;
				GCC_WARN_UNUSED_FUNCTION = YES;
				GCC_WARN_UNUSED_VARIABLE = YES;
				MACOSX_DEPLOYMENT_TARGET = 10.12;
				MTL_ENABLE_DEBUG_INFO = YES;
				ONLY_ACTIVE_ARCH = YES;
				SDKROOT = macosx;
			};
			name = Debug;
		};
		ACD104B31EFE8CA700CF04E2 /* Release */ = {
			isa = XCBuildConfiguration;
			buildSettings = {
				ALWAYS_SEARCH_USER_PATHS = NO;
				CLANG_ANALYZER_NONNULL = YES;
				CLANG_ANALYZER_NUMBER_OBJECT_CONVERSION = YES_AGGRESSIVE;
				CLANG_CXX_LANGUAGE_STANDARD = "gnu++0x";
				CLANG_CXX_LIBRARY = "libc++";
				CLANG_ENABLE_MODULES = YES;
				CLANG_ENABLE_OBJC_ARC = YES;
				CLANG_WARN_BOOL_CONVERSION = YES;
				CLANG_WARN_CONSTANT_CONVERSION = YES;
				CLANG_WARN_DIRECT_OBJC_ISA_USAGE = YES_ERROR;
				CLANG_WARN_DOCUMENTATION_COMMENTS = YES;
				CLANG_WARN_EMPTY_BODY = YES;
				CLANG_WARN_ENUM_CONVERSION = YES;
				CLANG_WARN_INFINITE_RECURSION = YES;
				CLANG_WARN_INT_CONVERSION = YES;
				CLANG_WARN_OBJC_ROOT_CLASS = YES_ERROR;
				CLANG_WARN_SUSPICIOUS_MOVE = YES;
				CLANG_WARN_UNREACHABLE_CODE = YES;
				CLANG_WARN__DUPLICATE_METHOD_MATCH = YES;
				CODE_SIGN_IDENTITY = "-";
				COPY_PHASE_STRIP = NO;
				DEBUG_INFORMATION_FORMAT = "dwarf-with-dsym";
				ENABLE_NS_ASSERTIONS = NO;
				ENABLE_STRICT_OBJC_MSGSEND = YES;
				GCC_C_LANGUAGE_STANDARD = gnu99;
				GCC_NO_COMMON_BLOCKS = YES;
				GCC_WARN_64_TO_32_BIT_CONVERSION = YES;
				GCC_WARN_ABOUT_RETURN_TYPE = YES_ERROR;
				GCC_WARN_UNDECLARED_SELECTOR = YES;
				GCC_WARN_UNINITIALIZED_AUTOS = YES_AGGRESSIVE;
				GCC_WARN_UNUSED_FUNCTION = YES;
				GCC_WARN_UNUSED_VARIABLE = YES;
				MACOSX_DEPLOYMENT_TARGET = 10.12;
				MTL_ENABLE_DEBUG_INFO = NO;
				SDKROOT = macosx;
			};
			name = Release;
		};
		ACD104B51EFE8CA700CF04E2 /* Debug */ = {
			isa = XCBuildConfiguration;
			buildSettings = {
				DEVELOPMENT_TEAM = 633JQL2EL2;
				PRODUCT_NAME = "$(TARGET_NAME)";
			};
			name = Debug;
		};
		ACD104B61EFE8CA700CF04E2 /* Release */ = {
			isa = XCBuildConfiguration;
			buildSettings = {
				DEVELOPMENT_TEAM = 633JQL2EL2;
				PRODUCT_NAME = "$(TARGET_NAME)";
			};
			name = Release;
		};
/* End XCBuildConfiguration section */

/* Begin XCConfigurationList section */
		AC02B01B1F02FC2E000213B4 /* Build configuration list for PBXNativeTarget "treci_project" */ = {
			isa = XCConfigurationList;
			buildConfigurations = (
				AC02B0191F02FC2E000213B4 /* Debug */,
				AC02B01A1F02FC2E000213B4 /* Release */,
			);
			defaultConfigurationIsVisible = 0;
		};
		AC4EB1C61EFEA0740043BDF9 /* Build configuration list for PBXNativeTarget "drugi_project" */ = {
			isa = XCConfigurationList;
			buildConfigurations = (
				AC4EB1C71EFEA0740043BDF9 /* Debug */,
				AC4EB1C81EFEA0740043BDF9 /* Release */,
			);
			defaultConfigurationIsVisible = 0;
			defaultConfigurationName = Release;
		};
		ACD104A81EFE8CA600CF04E2 /* Build configuration list for PBXProject "Interwiev_projects" */ = {
			isa = XCConfigurationList;
			buildConfigurations = (
				ACD104B21EFE8CA700CF04E2 /* Debug */,
				ACD104B31EFE8CA700CF04E2 /* Release */,
			);
			defaultConfigurationIsVisible = 0;
			defaultConfigurationName = Release;
		};
		ACD104B41EFE8CA700CF04E2 /* Build configuration list for PBXNativeTarget "Interwiev_projects" */ = {
			isa = XCConfigurationList;
			buildConfigurations = (
				ACD104B51EFE8CA700CF04E2 /* Debug */,
				ACD104B61EFE8CA700CF04E2 /* Release */,
			);
			defaultConfigurationIsVisible = 0;
			defaultConfigurationName = Release;
		};
/* End XCConfigurationList section */
	};
	rootObject = ACD104A51EFE8CA600CF04E2 /* Project object */;
}
